
Microsoft Visual Studio Solution File, Format Version 12.00
# Visual Studio Version 16
VisualStudioVersion = 16.0.30711.63
MinimumVisualStudioVersion = 15.0.26124.0
Project("{9A19103F-16F7-4668-BE54-9A1E7A4F7556}") = "RSSReader", "RSSReader.csproj", "{B0B3450D-4266-4901-B327-CB335A4BBF9A}"
	ProjectSection(ProjectDependencies) = postProject
		{25C3263D-6255-49EE-95AD-FC0AC2E96CD1} = {25C3263D-6255-49EE-95AD-FC0AC2E96CD1}
		{114D5F8B-A81B-4068-A69C-E394C84E9D0E} = {114D5F8B-A81B-4068-A69C-E394C84E9D0E}
	EndProjectSection
EndProject
Project("{9A19103F-16F7-4668-BE54-9A1E7A4F7556}") = "DataLayer", "..\DataLayer\DataLayer.csproj", "{25C3263D-6255-49EE-95AD-FC0AC2E96CD1}"
EndProject
Project("{9A19103F-16F7-4668-BE54-9A1E7A4F7556}") = "DbAccess", "..\DbAccess\DbAccess.csproj", "{952A1DD1-AA17-497B-BCC9-C0986A7E9288}"
EndProject
Project("{9A19103F-16F7-4668-BE54-9A1E7A4F7556}") = "LogicLayer", "..\LogicLayer\LogicLayer.csproj", "{0B6CA16C-1C77-4057-97D3-FFC6E33A60AA}"
EndProject
Project("{9A19103F-16F7-4668-BE54-9A1E7A4F7556}") = "ServiceLayer", "..\ServiceLayer\ServiceLayer.csproj", "{7BC3FA93-7DC8-4B54-8894-A1EA9E3DD212}"
	ProjectSection(ProjectDependencies) = postProject
		{0B6CA16C-1C77-4057-97D3-FFC6E33A60AA} = {0B6CA16C-1C77-4057-97D3-FFC6E33A60AA}
	EndProjectSection
EndProject
Project("{9A19103F-16F7-4668-BE54-9A1E7A4F7556}") = "Tests", "..\Test\Tests.csproj", "{A992328E-06A6-4807-8B2D-854B2E1C2071}"
	ProjectSection(ProjectDependencies) = postProject
		{B0B3450D-4266-4901-B327-CB335A4BBF9A} = {B0B3450D-4266-4901-B327-CB335A4BBF9A}
		{0B6CA16C-1C77-4057-97D3-FFC6E33A60AA} = {0B6CA16C-1C77-4057-97D3-FFC6E33A60AA}
		{114D5F8B-A81B-4068-A69C-E394C84E9D0E} = {114D5F8B-A81B-4068-A69C-E394C84E9D0E}
		{7BC3FA93-7DC8-4B54-8894-A1EA9E3DD212} = {7BC3FA93-7DC8-4B54-8894-A1EA9E3DD212}
		{952A1DD1-AA17-497B-BCC9-C0986A7E9288} = {952A1DD1-AA17-497B-BCC9-C0986A7E9288}
	EndProjectSection
EndProject
Project("{9A19103F-16F7-4668-BE54-9A1E7A4F7556}") = "Dtos", "..\Dtos\Dtos.csproj", "{114D5F8B-A81B-4068-A69C-E394C84E9D0E}"
EndProject
Global
	GlobalSection(SolutionConfigurationPlatforms) = preSolution
		Debug|Any CPU = Debug|Any CPU
		Debug|x64 = Debug|x64
		Debug|x86 = Debug|x86
		Development|Any CPU = Development|Any CPU
		Development|x64 = Development|x64
		Development|x86 = Development|x86
		Release|Any CPU = Release|Any CPU
		Release|x64 = Release|x64
		Release|x86 = Release|x86
	EndGlobalSection
	GlobalSection(ProjectConfigurationPlatforms) = postSolution
		{B0B3450D-4266-4901-B327-CB335A4BBF9A}.Debug|Any CPU.ActiveCfg = Debug|Any CPU
		{B0B3450D-4266-4901-B327-CB335A4BBF9A}.Debug|Any CPU.Build.0 = Debug|Any CPU
		{B0B3450D-4266-4901-B327-CB335A4BBF9A}.Debug|x64.ActiveCfg = Debug|Any CPU
		{B0B3450D-4266-4901-B327-CB335A4BBF9A}.Debug|x64.Build.0 = Debug|Any CPU
		{B0B3450D-4266-4901-B327-CB335A4BBF9A}.Debug|x86.ActiveCfg = Debug|Any CPU
		{B0B3450D-4266-4901-B327-CB335A4BBF9A}.Debug|x86.Build.0 = Debug|Any CPU
		{B0B3450D-4266-4901-B327-CB335A4BBF9A}.Development|Any CPU.ActiveCfg = Development|Any CPU
		{B0B3450D-4266-4901-B327-CB335A4BBF9A}.Development|Any CPU.Build.0 = Development|Any CPU
		{B0B3450D-4266-4901-B327-CB335A4BBF9A}.Development|x64.ActiveCfg = Development|Any CPU
		{B0B3450D-4266-4901-B327-CB335A4BBF9A}.Development|x64.Build.0 = Development|Any CPU
		{B0B3450D-4266-4901-B327-CB335A4BBF9A}.Development|x86.ActiveCfg = Development|Any CPU
		{B0B3450D-4266-4901-B327-CB335A4BBF9A}.Development|x86.Build.0 = Development|Any CPU
		{B0B3450D-4266-4901-B327-CB335A4BBF9A}.Release|Any CPU.ActiveCfg = Release|Any CPU
		{B0B3450D-4266-4901-B327-CB335A4BBF9A}.Release|Any CPU.Build.0 = Release|Any CPU
		{B0B3450D-4266-4901-B327-CB335A4BBF9A}.Release|x64.ActiveCfg = Release|Any CPU
		{B0B3450D-4266-4901-B327-CB335A4BBF9A}.Release|x64.Build.0 = Release|Any CPU
		{B0B3450D-4266-4901-B327-CB335A4BBF9A}.Release|x86.ActiveCfg = Release|Any CPU
		{B0B3450D-4266-4901-B327-CB335A4BBF9A}.Release|x86.Build.0 = Release|Any CPU
		{25C3263D-6255-49EE-95AD-FC0AC2E96CD1}.Debug|Any CPU.ActiveCfg = Debug|Any CPU
		{25C3263D-6255-49EE-95AD-FC0AC2E96CD1}.Debug|Any CPU.Build.0 = Debug|Any CPU
		{25C3263D-6255-49EE-95AD-FC0AC2E96CD1}.Debug|x64.ActiveCfg = Debug|Any CPU
		{25C3263D-6255-49EE-95AD-FC0AC2E96CD1}.Debug|x64.Build.0 = Debug|Any CPU
		{25C3263D-6255-49EE-95AD-FC0AC2E96CD1}.Debug|x86.ActiveCfg = Debug|Any CPU
		{25C3263D-6255-49EE-95AD-FC0AC2E96CD1}.Debug|x86.Build.0 = Debug|Any CPU
		{25C3263D-6255-49EE-95AD-FC0AC2E96CD1}.Development|Any CPU.ActiveCfg = Debug|Any CPU
		{25C3263D-6255-49EE-95AD-FC0AC2E96CD1}.Development|Any CPU.Build.0 = Debug|Any CPU
		{25C3263D-6255-49EE-95AD-FC0AC2E96CD1}.Development|x64.ActiveCfg = Development|Any CPU
		{25C3263D-6255-49EE-95AD-FC0AC2E96CD1}.Development|x64.Build.0 = Development|Any CPU
		{25C3263D-6255-49EE-95AD-FC0AC2E96CD1}.Development|x86.ActiveCfg = Development|Any CPU
		{25C3263D-6255-49EE-95AD-FC0AC2E96CD1}.Development|x86.Build.0 = Development|Any CPU
		{25C3263D-6255-49EE-95AD-FC0AC2E96CD1}.Release|Any CPU.ActiveCfg = Release|Any CPU
		{25C3263D-6255-49EE-95AD-FC0AC2E96CD1}.Release|Any CPU.Build.0 = Release|Any CPU
		{25C3263D-6255-49EE-95AD-FC0AC2E96CD1}.Release|x64.ActiveCfg = Release|Any CPU
		{25C3263D-6255-49EE-95AD-FC0AC2E96CD1}.Release|x64.Build.0 = Release|Any CPU
		{25C3263D-6255-49EE-95AD-FC0AC2E96CD1}.Release|x86.ActiveCfg = Release|Any CPU
		{25C3263D-6255-49EE-95AD-FC0AC2E96CD1}.Release|x86.Build.0 = Release|Any CPU
		{952A1DD1-AA17-497B-BCC9-C0986A7E9288}.Debug|Any CPU.ActiveCfg = Debug|Any CPU
		{952A1DD1-AA17-497B-BCC9-C0986A7E9288}.Debug|Any CPU.Build.0 = Debug|Any CPU
		{952A1DD1-AA17-497B-BCC9-C0986A7E9288}.Debug|x64.ActiveCfg = Debug|Any CPU
		{952A1DD1-AA17-497B-BCC9-C0986A7E9288}.Debug|x64.Build.0 = Debug|Any CPU
		{952A1DD1-AA17-497B-BCC9-C0986A7E9288}.Debug|x86.ActiveCfg = Debug|Any CPU
		{952A1DD1-AA17-497B-BCC9-C0986A7E9288}.Debug|x86.Build.0 = Debug|Any CPU
		{952A1DD1-AA17-497B-BCC9-C0986A7E9288}.Development|Any CPU.ActiveCfg = Debug|Any CPU
		{952A1DD1-AA17-497B-BCC9-C0986A7E9288}.Development|Any CPU.Build.0 = Debug|Any CPU
		{952A1DD1-AA17-497B-BCC9-C0986A7E9288}.Development|x64.ActiveCfg = Development|Any CPU
		{952A1DD1-AA17-497B-BCC9-C0986A7E9288}.Development|x64.Build.0 = Development|Any CPU
		{952A1DD1-AA17-497B-BCC9-C0986A7E9288}.Development|x86.ActiveCfg = Development|Any CPU
		{952A1DD1-AA17-497B-BCC9-C0986A7E9288}.Development|x86.Build.0 = Development|Any CPU
		{952A1DD1-AA17-497B-BCC9-C0986A7E9288}.Release|Any CPU.ActiveCfg = Release|Any CPU
		{952A1DD1-AA17-497B-BCC9-C0986A7E9288}.Release|Any CPU.Build.0 = Release|Any CPU
		{952A1DD1-AA17-497B-BCC9-C0986A7E9288}.Release|x64.ActiveCfg = Release|Any CPU
		{952A1DD1-AA17-497B-BCC9-C0986A7E9288}.Release|x64.Build.0 = Release|Any CPU
		{952A1DD1-AA17-497B-BCC9-C0986A7E9288}.Release|x86.ActiveCfg = Release|Any CPU
		{952A1DD1-AA17-497B-BCC9-C0986A7E9288}.Release|x86.Build.0 = Release|Any CPU
		{0B6CA16C-1C77-4057-97D3-FFC6E33A60AA}.Debug|Any CPU.ActiveCfg = Debug|Any CPU
		{0B6CA16C-1C77-4057-97D3-FFC6E33A60AA}.Debug|Any CPU.Build.0 = Debug|Any CPU
		{0B6CA16C-1C77-4057-97D3-FFC6E33A60AA}.Debug|x64.ActiveCfg = Debug|Any CPU
		{0B6CA16C-1C77-4057-97D3-FFC6E33A60AA}.Debug|x64.Build.0 = Debug|Any CPU
		{0B6CA16C-1C77-4057-97D3-FFC6E33A60AA}.Debug|x86.ActiveCfg = Debug|Any CPU
		{0B6CA16C-1C77-4057-97D3-FFC6E33A60AA}.Debug|x86.Build.0 = Debug|Any CPU
		{0B6CA16C-1C77-4057-97D3-FFC6E33A60AA}.Development|Any CPU.ActiveCfg = Debug|Any CPU
		{0B6CA16C-1C77-4057-97D3-FFC6E33A60AA}.Development|Any CPU.Build.0 = Debug|Any CPU
		{0B6CA16C-1C77-4057-97D3-FFC6E33A60AA}.Development|x64.ActiveCfg = Development|Any CPU
		{0B6CA16C-1C77-4057-97D3-FFC6E33A60AA}.Development|x64.Build.0 = Development|Any CPU
		{0B6CA16C-1C77-4057-97D3-FFC6E33A60AA}.Development|x86.ActiveCfg = Development|Any CPU
		{0B6CA16C-1C77-4057-97D3-FFC6E33A60AA}.Development|x86.Build.0 = Development|Any CPU
		{0B6CA16C-1C77-4057-97D3-FFC6E33A60AA}.Release|Any CPU.ActiveCfg = Release|Any CPU
		{0B6CA16C-1C77-4057-97D3-FFC6E33A60AA}.Release|Any CPU.Build.0 = Release|Any CPU
		{0B6CA16C-1C77-4057-97D3-FFC6E33A60AA}.Release|x64.ActiveCfg = Release|Any CPU
		{0B6CA16C-1C77-4057-97D3-FFC6E33A60AA}.Release|x64.Build.0 = Release|Any CPU
		{0B6CA16C-1C77-4057-97D3-FFC6E33A60AA}.Release|x86.ActiveCfg = Release|Any CPU
		{0B6CA16C-1C77-4057-97D3-FFC6E33A60AA}.Release|x86.Build.0 = Release|Any CPU
		{7BC3FA93-7DC8-4B54-8894-A1EA9E3DD212}.Debug|Any CPU.ActiveCfg = Debug|Any CPU
		{7BC3FA93-7DC8-4B54-8894-A1EA9E3DD212}.Debug|Any CPU.Build.0 = Debug|Any CPU
		{7BC3FA93-7DC8-4B54-8894-A1EA9E3DD212}.Debug|x64.ActiveCfg = Debug|Any CPU
		{7BC3FA93-7DC8-4B54-8894-A1EA9E3DD212}.Debug|x64.Build.0 = Debug|Any CPU
		{7BC3FA93-7DC8-4B54-8894-A1EA9E3DD212}.Debug|x86.ActiveCfg = Debug|Any CPU
		{7BC3FA93-7DC8-4B54-8894-A1EA9E3DD212}.Debug|x86.Build.0 = Debug|Any CPU
		{7BC3FA93-7DC8-4B54-8894-A1EA9E3DD212}.Development|Any CPU.ActiveCfg = Debug|Any CPU
		{7BC3FA93-7DC8-4B54-8894-A1EA9E3DD212}.Development|Any CPU.Build.0 = Debug|Any CPU
		{7BC3FA93-7DC8-4B54-8894-A1EA9E3DD212}.Development|x64.ActiveCfg = Development|Any CPU
		{7BC3FA93-7DC8-4B54-8894-A1EA9E3DD212}.Development|x64.Build.0 = Development|Any CPU
		{7BC3FA93-7DC8-4B54-8894-A1EA9E3DD212}.Development|x86.ActiveCfg = Development|Any CPU
		{7BC3FA93-7DC8-4B54-8894-A1EA9E3DD212}.Development|x86.Build.0 = Development|Any CPU
		{7BC3FA93-7DC8-4B54-8894-A1EA9E3DD212}.Release|Any CPU.ActiveCfg = Release|Any CPU
		{7BC3FA93-7DC8-4B54-8894-A1EA9E3DD212}.Release|Any CPU.Build.0 = Release|Any CPU
		{7BC3FA93-7DC8-4B54-8894-A1EA9E3DD212}.Release|x64.ActiveCfg = Release|Any CPU
		{7BC3FA93-7DC8-4B54-8894-A1EA9E3DD212}.Release|x64.Build.0 = Release|Any CPU
		{7BC3FA93-7DC8-4B54-8894-A1EA9E3DD212}.Release|x86.ActiveCfg = Release|Any CPU
		{7BC3FA93-7DC8-4B54-8894-A1EA9E3DD212}.Release|x86.Build.0 = Release|Any CPU
		{A992328E-06A6-4807-8B2D-854B2E1C2071}.Debug|Any CPU.ActiveCfg = Debug|Any CPU
		{A992328E-06A6-4807-8B2D-854B2E1C2071}.Debug|Any CPU.Build.0 = Debug|Any CPU
		{A992328E-06A6-4807-8B2D-854B2E1C2071}.Debug|x64.ActiveCfg = Debug|Any CPU
		{A992328E-06A6-4807-8B2D-854B2E1C2071}.Debug|x64.Build.0 = Debug|Any CPU
		{A992328E-06A6-4807-8B2D-854B2E1C2071}.Debug|x86.ActiveCfg = Debug|Any CPU
		{A992328E-06A6-4807-8B2D-854B2E1C2071}.Debug|x86.Build.0 = Debug|Any CPU
		{A992328E-06A6-4807-8B2D-854B2E1C2071}.Development|Any CPU.ActiveCfg = Debug|Any CPU
		{A992328E-06A6-4807-8B2D-854B2E1C2071}.Development|Any CPU.Build.0 = Debug|Any CPU
		{A992328E-06A6-4807-8B2D-854B2E1C2071}.Development|x64.ActiveCfg = Development|Any CPU
		{A992328E-06A6-4807-8B2D-854B2E1C2071}.Development|x64.Build.0 = Development|Any CPU
		{A992328E-06A6-4807-8B2D-854B2E1C2071}.Development|x86.ActiveCfg = Development|Any CPU
		{A992328E-06A6-4807-8B2D-854B2E1C2071}.Development|x86.Build.0 = Development|Any CPU
		{A992328E-06A6-4807-8B2D-854B2E1C2071}.Release|Any CPU.ActiveCfg = Release|Any CPU
		{A992328E-06A6-4807-8B2D-854B2E1C2071}.Release|Any CPU.Build.0 = Release|Any CPU
		{A992328E-06A6-4807-8B2D-854B2E1C2071}.Release|x64.ActiveCfg = Release|Any CPU
		{A992328E-06A6-4807-8B2D-854B2E1C2071}.Release|x64.Build.0 = Release|Any CPU
		{A992328E-06A6-4807-8B2D-854B2E1C2071}.Release|x86.ActiveCfg = Release|Any CPU
		{A992328E-06A6-4807-8B2D-854B2E1C2071}.Release|x86.Build.0 = Release|Any CPU
		{114D5F8B-A81B-4068-A69C-E394C84E9D0E}.Debug|Any CPU.ActiveCfg = Debug|Any CPU
		{114D5F8B-A81B-4068-A69C-E394C84E9D0E}.Debug|Any CPU.Build.0 = Debug|Any CPU
		{114D5F8B-A81B-4068-A69C-E394C84E9D0E}.Debug|x64.ActiveCfg = Debug|Any CPU
		{114D5F8B-A81B-4068-A69C-E394C84E9D0E}.Debug|x64.Build.0 = Debug|Any CPU
		{114D5F8B-A81B-4068-A69C-E394C84E9D0E}.Debug|x86.ActiveCfg = Debug|Any CPU
		{114D5F8B-A81B-4068-A69C-E394C84E9D0E}.Debug|x86.Build.0 = Debug|Any CPU
		{114D5F8B-A81B-4068-A69C-E394C84E9D0E}.Development|Any CPU.ActiveCfg = Debug|Any CPU
		{114D5F8B-A81B-4068-A69C-E394C84E9D0E}.Development|Any CPU.Build.0 = Debug|Any CPU
		{114D5F8B-A81B-4068-A69C-E394C84E9D0E}.Development|x64.ActiveCfg = Development|Any CPU
		{114D5F8B-A81B-4068-A69C-E394C84E9D0E}.Development|x64.Build.0 = Development|Any CPU
		{114D5F8B-A81B-4068-A69C-E394C84E9D0E}.Development|x86.ActiveCfg = Development|Any CPU
		{114D5F8B-A81B-4068-A69C-E394C84E9D0E}.Development|x86.Build.0 = Development|Any CPU
		{114D5F8B-A81B-4068-A69C-E394C84E9D0E}.Release|Any CPU.ActiveCfg = Release|Any CPU
		{114D5F8B-A81B-4068-A69C-E394C84E9D0E}.Release|Any CPU.Build.0 = Release|Any CPU
		{114D5F8B-A81B-4068-A69C-E394C84E9D0E}.Release|x64.ActiveCfg = Release|Any CPU
		{114D5F8B-A81B-4068-A69C-E394C84E9D0E}.Release|x64.Build.0 = Release|Any CPU
		{114D5F8B-A81B-4068-A69C-E394C84E9D0E}.Release|x86.ActiveCfg = Release|Any CPU
		{114D5F8B-A81B-4068-A69C-E394C84E9D0E}.Release|x86.Build.0 = Release|Any CPU
	EndGlobalSection
	GlobalSection(SolutionProperties) = preSolution
		HideSolutionNode = FALSE
	EndGlobalSection
	GlobalSection(ExtensibilityGlobals) = postSolution
		SolutionGuid = {9A2FEE7E-0EE2-442D-92B4-5D9428DDF344}
	EndGlobalSection
EndGlobal
